
Microsoft Visual Studio Solution File, Format Version 12.00
# Visual Studio Version 17
VisualStudioVersion = 17.11.35222.181
MinimumVisualStudioVersion = 10.0.40219.1
Project("{FAE04EC0-301F-11D3-BF4B-00C04F79EFBC}") = "CoffeeTemp", "CoffeeTemp.csproj", "{EEC1A60D-C87C-4566-A512-88D9B4AF94EC}"
EndProject
Global
	GlobalSection(SolutionConfigurationPlatforms) = preSolution
		Debug|Any CPU = Debug|Any CPU
		Release|Any CPU = Release|Any CPU
	EndGlobalSection
	GlobalSection(ProjectConfigurationPlatforms) = postSolution
		{EEC1A60D-C87C-4566-A512-88D9B4AF94EC}.Debug|Any CPU.ActiveCfg = Debug|Any CPU
		{EEC1A60D-C87C-4566-A512-88D9B4AF94EC}.Debug|Any CPU.Build.0 = Debug|Any CPU
		{EEC1A60D-C87C-4566-A512-88D9B4AF94EC}.Release|Any CPU.ActiveCfg = Release|Any CPU
		{EEC1A60D-C87C-4566-A512-88D9B4AF94EC}.Release|Any CPU.Build.0 = Release|Any CPU
	EndGlobalSection
	GlobalSection(SolutionProperties) = preSolution
		HideSolutionNode = FALSE
	EndGlobalSection
	GlobalSection(ExtensibilityGlobals) = postSolution
		SolutionGuid = {D2D577EB-3823-4853-A4E5-DB3E5C76495A}
	EndGlobalSection
EndGlobal
